
Microsoft Visual Studio Solution File, Format Version 12.00
# Visual Studio 2012
Project("{8BC9CEB8-8B4A-11D0-8D11-00A0C91BC942}") = "MonthCalendar", "MonthCalendar.vcxproj", "{93890CB2-71A9-4630-9445-4F5D70966C4F}"
EndProject
Global
	GlobalSection(SolutionConfigurationPlatforms) = preSolution
		Dynamic Debug|Win32 = Dynamic Debug|Win32
		Dynamic Release|Win32 = Dynamic Release|Win32
		Static Debug|Win32 = Static Debug|Win32
		Static Release|Win32 = Static Release|Win32
		Unicode Dynamic Debug|Win32 = Unicode Dynamic Debug|Win32
		Unicode Dynamic Release|Win32 = Unicode Dynamic Release|Win32
		Unicode Static Debug|Win32 = Unicode Static Debug|Win32
		Unicode Static Release|Win32 = Unicode Static Release|Win32
	EndGlobalSection
	GlobalSection(ProjectConfigurationPlatforms) = postSolution
		{93890CB2-71A9-4630-9445-4F5D70966C4F}.Dynamic Debug|Win32.ActiveCfg = Dynamic Debug|Win32
		{93890CB2-71A9-4630-9445-4F5D70966C4F}.Dynamic Debug|Win32.Build.0 = Dynamic Debug|Win32
		{93890CB2-71A9-4630-9445-4F5D70966C4F}.Dynamic Release|Win32.ActiveCfg = Dynamic Release|Win32
		{93890CB2-71A9-4630-9445-4F5D70966C4F}.Dynamic Release|Win32.Build.0 = Dynamic Release|Win32
		{93890CB2-71A9-4630-9445-4F5D70966C4F}.Static Debug|Win32.ActiveCfg = Static Debug|Win32
		{93890CB2-71A9-4630-9445-4F5D70966C4F}.Static Debug|Win32.Build.0 = Static Debug|Win32
		{93890CB2-71A9-4630-9445-4F5D70966C4F}.Static Release|Win32.ActiveCfg = Static Release|Win32
		{93890CB2-71A9-4630-9445-4F5D70966C4F}.Static Release|Win32.Build.0 = Static Release|Win32
		{93890CB2-71A9-4630-9445-4F5D70966C4F}.Unicode Dynamic Debug|Win32.ActiveCfg = Unicode Dynamic Debug|Win32
		{93890CB2-71A9-4630-9445-4F5D70966C4F}.Unicode Dynamic Debug|Win32.Build.0 = Unicode Dynamic Debug|Win32
		{93890CB2-71A9-4630-9445-4F5D70966C4F}.Unicode Dynamic Release|Win32.ActiveCfg = Unicode Dynamic Release|Win32
		{93890CB2-71A9-4630-9445-4F5D70966C4F}.Unicode Dynamic Release|Win32.Build.0 = Unicode Dynamic Release|Win32
		{93890CB2-71A9-4630-9445-4F5D70966C4F}.Unicode Static Debug|Win32.ActiveCfg = Unicode Static Debug|Win32
		{93890CB2-71A9-4630-9445-4F5D70966C4F}.Unicode Static Debug|Win32.Build.0 = Unicode Static Debug|Win32
		{93890CB2-71A9-4630-9445-4F5D70966C4F}.Unicode Static Release|Win32.ActiveCfg = Unicode Static Release|Win32
		{93890CB2-71A9-4630-9445-4F5D70966C4F}.Unicode Static Release|Win32.Build.0 = Unicode Static Release|Win32
	EndGlobalSection
	GlobalSection(SolutionProperties) = preSolution
		HideSolutionNode = FALSE
	EndGlobalSection
EndGlobal
